
Microsoft Visual Studio Solution File, Format Version 12.00
# Visual Studio 15
VisualStudioVersion = 15.0.28307.757
MinimumVisualStudioVersion = 10.0.40219.1
Project("{FAE04EC0-301F-11D3-BF4B-00C04F79EFBC}") = "NestedObjectSample", "NestedObjectSample\NestedObjectSample.csproj", "{30415FE9-1DBC-47F6-AF58-FA81B6762E76}"
EndProject
Global
	GlobalSection(SolutionConfigurationPlatforms) = preSolution
		Debug|Any CPU = Debug|Any CPU
		Release|Any CPU = Release|Any CPU
	EndGlobalSection
	GlobalSection(ProjectConfigurationPlatforms) = postSolution
		{30415FE9-1DBC-47F6-AF58-FA81B6762E76}.Debug|Any CPU.ActiveCfg = Debug|Any CPU
		{30415FE9-1DBC-47F6-AF58-FA81B6762E76}.Debug|Any CPU.Build.0 = Debug|Any CPU
		{30415FE9-1DBC-47F6-AF58-FA81B6762E76}.Release|Any CPU.ActiveCfg = Release|Any CPU
		{30415FE9-1DBC-47F6-AF58-FA81B6762E76}.Release|Any CPU.Build.0 = Release|Any CPU
	EndGlobalSection
	GlobalSection(SolutionProperties) = preSolution
		HideSolutionNode = FALSE
	EndGlobalSection
	GlobalSection(ExtensibilityGlobals) = postSolution
		SolutionGuid = {E494F287-42B6-4B41-9F5F-DD4F63EEE7A1}
	EndGlobalSection
EndGlobal
